
Microsoft Visual Studio Solution File, Format Version 12.00
# Visual Studio Version 16
VisualStudioVersion = 16.0.28803.452
MinimumVisualStudioVersion = 10.0.40219.1
Project("{9A19103F-16F7-4668-BE54-9A1E7A4F7556}") = "MyLeasing.Common", "MyLeasing.common\MyLeasing.Common.csproj", "{5F4E1E92-08C4-4194-96C2-4FF8901E9A0A}"
EndProject
Project("{9A19103F-16F7-4668-BE54-9A1E7A4F7556}") = "MyLeasing.Web", "MyLeasing.Web\MyLeasing.Web.csproj", "{7481FD65-DA94-40AC-9BD9-D6DD76D3265F}"
EndProject
Project("{FAE04EC0-301F-11D3-BF4B-00C04F79EFBC}") = "MyLeasing.Prism", "MyLeasing.Prism\MyLeasing.Prism\MyLeasing.Prism.csproj", "{A9EB53AF-D4ED-435F-AA7D-030362667EB0}"
EndProject
Project("{FAE04EC0-301F-11D3-BF4B-00C04F79EFBC}") = "MyLeasing.Prism.Android", "MyLeasing.Prism\MyLeasing.Prism.Android\MyLeasing.Prism.Android.csproj", "{DC596201-2A47-451A-9557-6507ADEC5467}"
EndProject
Project("{FAE04EC0-301F-11D3-BF4B-00C04F79EFBC}") = "MyLeasing.Prism.iOS", "MyLeasing.Prism\MyLeasing.Prism.iOS\MyLeasing.Prism.iOS.csproj", "{54E30584-2E67-41F1-9DBA-625403FEFC0B}"
EndProject
Project("{FAE04EC0-301F-11D3-BF4B-00C04F79EFBC}") = "MyLeasing.Prism.UWP", "MyLeasing.Prism\MyLeasing.Prism.UWP\MyLeasing.Prism.UWP.csproj", "{05C6EEF5-A776-4BCA-9EA8-06B183E93C8F}"
EndProject
Global
	GlobalSection(SolutionConfigurationPlatforms) = preSolution
		Ad-Hoc|Any CPU = Ad-Hoc|Any CPU
		Ad-Hoc|ARM = Ad-Hoc|ARM
		Ad-Hoc|iPhone = Ad-Hoc|iPhone
		Ad-Hoc|iPhoneSimulator = Ad-Hoc|iPhoneSimulator
		Ad-Hoc|x64 = Ad-Hoc|x64
		Ad-Hoc|x86 = Ad-Hoc|x86
		AppStore|Any CPU = AppStore|Any CPU
		AppStore|ARM = AppStore|ARM
		AppStore|iPhone = AppStore|iPhone
		AppStore|iPhoneSimulator = AppStore|iPhoneSimulator
		AppStore|x64 = AppStore|x64
		AppStore|x86 = AppStore|x86
		Debug|Any CPU = Debug|Any CPU
		Debug|ARM = Debug|ARM
		Debug|iPhone = Debug|iPhone
		Debug|iPhoneSimulator = Debug|iPhoneSimulator
		Debug|x64 = Debug|x64
		Debug|x86 = Debug|x86
		Release|Any CPU = Release|Any CPU
		Release|ARM = Release|ARM
		Release|iPhone = Release|iPhone
		Release|iPhoneSimulator = Release|iPhoneSimulator
		Release|x64 = Release|x64
		Release|x86 = Release|x86
	EndGlobalSection
	GlobalSection(ProjectConfigurationPlatforms) = postSolution
		{5F4E1E92-08C4-4194-96C2-4FF8901E9A0A}.Ad-Hoc|Any CPU.ActiveCfg = Release|Any CPU
		{5F4E1E92-08C4-4194-96C2-4FF8901E9A0A}.Ad-Hoc|Any CPU.Build.0 = Release|Any CPU
		{5F4E1E92-08C4-4194-96C2-4FF8901E9A0A}.Ad-Hoc|ARM.ActiveCfg = Release|Any CPU
		{5F4E1E92-08C4-4194-96C2-4FF8901E9A0A}.Ad-Hoc|ARM.Build.0 = Release|Any CPU
		{5F4E1E92-08C4-4194-96C2-4FF8901E9A0A}.Ad-Hoc|iPhone.ActiveCfg = Release|Any CPU
		{5F4E1E92-08C4-4194-96C2-4FF8901E9A0A}.Ad-Hoc|iPhone.Build.0 = Release|Any CPU
		{5F4E1E92-08C4-4194-96C2-4FF8901E9A0A}.Ad-Hoc|iPhoneSimulator.ActiveCfg = Release|Any CPU
		{5F4E1E92-08C4-4194-96C2-4FF8901E9A0A}.Ad-Hoc|iPhoneSimulator.Build.0 = Release|Any CPU
		{5F4E1E92-08C4-4194-96C2-4FF8901E9A0A}.Ad-Hoc|x64.ActiveCfg = Release|Any CPU
		{5F4E1E92-08C4-4194-96C2-4FF8901E9A0A}.Ad-Hoc|x64.Build.0 = Release|Any CPU
		{5F4E1E92-08C4-4194-96C2-4FF8901E9A0A}.Ad-Hoc|x86.ActiveCfg = Release|Any CPU
		{5F4E1E92-08C4-4194-96C2-4FF8901E9A0A}.Ad-Hoc|x86.Build.0 = Release|Any CPU
		{5F4E1E92-08C4-4194-96C2-4FF8901E9A0A}.AppStore|Any CPU.ActiveCfg = Release|Any CPU
		{5F4E1E92-08C4-4194-96C2-4FF8901E9A0A}.AppStore|Any CPU.Build.0 = Release|Any CPU
		{5F4E1E92-08C4-4194-96C2-4FF8901E9A0A}.AppStore|ARM.ActiveCfg = Release|Any CPU
		{5F4E1E92-08C4-4194-96C2-4FF8901E9A0A}.AppStore|ARM.Build.0 = Release|Any CPU
		{5F4E1E92-08C4-4194-96C2-4FF8901E9A0A}.AppStore|iPhone.ActiveCfg = Release|Any CPU
		{5F4E1E92-08C4-4194-96C2-4FF8901E9A0A}.AppStore|iPhone.Build.0 = Release|Any CPU
		{5F4E1E92-08C4-4194-96C2-4FF8901E9A0A}.AppStore|iPhoneSimulator.ActiveCfg = Release|Any CPU
		{5F4E1E92-08C4-4194-96C2-4FF8901E9A0A}.AppStore|iPhoneSimulator.Build.0 = Release|Any CPU
		{5F4E1E92-08C4-4194-96C2-4FF8901E9A0A}.AppStore|x64.ActiveCfg = Release|Any CPU
		{5F4E1E92-08C4-4194-96C2-4FF8901E9A0A}.AppStore|x64.Build.0 = Release|Any CPU
		{5F4E1E92-08C4-4194-96C2-4FF8901E9A0A}.AppStore|x86.ActiveCfg = Release|Any CPU
		{5F4E1E92-08C4-4194-96C2-4FF8901E9A0A}.AppStore|x86.Build.0 = Release|Any CPU
		{5F4E1E92-08C4-4194-96C2-4FF8901E9A0A}.Debug|Any CPU.ActiveCfg = Debug|Any CPU
		{5F4E1E92-08C4-4194-96C2-4FF8901E9A0A}.Debug|Any CPU.Build.0 = Debug|Any CPU
		{5F4E1E92-08C4-4194-96C2-4FF8901E9A0A}.Debug|ARM.ActiveCfg = Debug|Any CPU
		{5F4E1E92-08C4-4194-96C2-4FF8901E9A0A}.Debug|ARM.Build.0 = Debug|Any CPU
		{5F4E1E92-08C4-4194-96C2-4FF8901E9A0A}.Debug|iPhone.ActiveCfg = Debug|Any CPU
		{5F4E1E92-08C4-4194-96C2-4FF8901E9A0A}.Debug|iPhone.Build.0 = Debug|Any CPU
		{5F4E1E92-08C4-4194-96C2-4FF8901E9A0A}.Debug|iPhoneSimulator.ActiveCfg = Debug|Any CPU
		{5F4E1E92-08C4-4194-96C2-4FF8901E9A0A}.Debug|iPhoneSimulator.Build.0 = Debug|Any CPU
		{5F4E1E92-08C4-4194-96C2-4FF8901E9A0A}.Debug|x64.ActiveCfg = Debug|Any CPU
		{5F4E1E92-08C4-4194-96C2-4FF8901E9A0A}.Debug|x64.Build.0 = Debug|Any CPU
		{5F4E1E92-08C4-4194-96C2-4FF8901E9A0A}.Debug|x86.ActiveCfg = Debug|Any CPU
		{5F4E1E92-08C4-4194-96C2-4FF8901E9A0A}.Debug|x86.Build.0 = Debug|Any CPU
		{5F4E1E92-08C4-4194-96C2-4FF8901E9A0A}.Release|Any CPU.ActiveCfg = Release|Any CPU
		{5F4E1E92-08C4-4194-96C2-4FF8901E9A0A}.Release|Any CPU.Build.0 = Release|Any CPU
		{5F4E1E92-08C4-4194-96C2-4FF8901E9A0A}.Release|ARM.ActiveCfg = Release|Any CPU
		{5F4E1E92-08C4-4194-96C2-4FF8901E9A0A}.Release|ARM.Build.0 = Release|Any CPU
		{5F4E1E92-08C4-4194-96C2-4FF8901E9A0A}.Release|iPhone.ActiveCfg = Release|Any CPU
		{5F4E1E92-08C4-4194-96C2-4FF8901E9A0A}.Release|iPhone.Build.0 = Release|Any CPU
		{5F4E1E92-08C4-4194-96C2-4FF8901E9A0A}.Release|iPhoneSimulator.ActiveCfg = Release|Any CPU
		{5F4E1E92-08C4-4194-96C2-4FF8901E9A0A}.Release|iPhoneSimulator.Build.0 = Release|Any CPU
		{5F4E1E92-08C4-4194-96C2-4FF8901E9A0A}.Release|x64.ActiveCfg = Release|Any CPU
		{5F4E1E92-08C4-4194-96C2-4FF8901E9A0A}.Release|x64.Build.0 = Release|Any CPU
		{5F4E1E92-08C4-4194-96C2-4FF8901E9A0A}.Release|x86.ActiveCfg = Release|Any CPU
		{5F4E1E92-08C4-4194-96C2-4FF8901E9A0A}.Release|x86.Build.0 = Release|Any CPU
		{7481FD65-DA94-40AC-9BD9-D6DD76D3265F}.Ad-Hoc|Any CPU.ActiveCfg = Release|Any CPU
		{7481FD65-DA94-40AC-9BD9-D6DD76D3265F}.Ad-Hoc|Any CPU.Build.0 = Release|Any CPU
		{7481FD65-DA94-40AC-9BD9-D6DD76D3265F}.Ad-Hoc|ARM.ActiveCfg = Release|Any CPU
		{7481FD65-DA94-40AC-9BD9-D6DD76D3265F}.Ad-Hoc|ARM.Build.0 = Release|Any CPU
		{7481FD65-DA94-40AC-9BD9-D6DD76D3265F}.Ad-Hoc|iPhone.ActiveCfg = Release|Any CPU
		{7481FD65-DA94-40AC-9BD9-D6DD76D3265F}.Ad-Hoc|iPhone.Build.0 = Release|Any CPU
		{7481FD65-DA94-40AC-9BD9-D6DD76D3265F}.Ad-Hoc|iPhoneSimulator.ActiveCfg = Release|Any CPU
		{7481FD65-DA94-40AC-9BD9-D6DD76D3265F}.Ad-Hoc|iPhoneSimulator.Build.0 = Release|Any CPU
		{7481FD65-DA94-40AC-9BD9-D6DD76D3265F}.Ad-Hoc|x64.ActiveCfg = Release|Any CPU
		{7481FD65-DA94-40AC-9BD9-D6DD76D3265F}.Ad-Hoc|x64.Build.0 = Release|Any CPU
		{7481FD65-DA94-40AC-9BD9-D6DD76D3265F}.Ad-Hoc|x86.ActiveCfg = Release|Any CPU
		{7481FD65-DA94-40AC-9BD9-D6DD76D3265F}.Ad-Hoc|x86.Build.0 = Release|Any CPU
		{7481FD65-DA94-40AC-9BD9-D6DD76D3265F}.AppStore|Any CPU.ActiveCfg = Release|Any CPU
		{7481FD65-DA94-40AC-9BD9-D6DD76D3265F}.AppStore|Any CPU.Build.0 = Release|Any CPU
		{7481FD65-DA94-40AC-9BD9-D6DD76D3265F}.AppStore|ARM.ActiveCfg = Release|Any CPU
		{7481FD65-DA94-40AC-9BD9-D6DD76D3265F}.AppStore|ARM.Build.0 = Release|Any CPU
		{7481FD65-DA94-40AC-9BD9-D6DD76D3265F}.AppStore|iPhone.ActiveCfg = Release|Any CPU
		{7481FD65-DA94-40AC-9BD9-D6DD76D3265F}.AppStore|iPhone.Build.0 = Release|Any CPU
		{7481FD65-DA94-40AC-9BD9-D6DD76D3265F}.AppStore|iPhoneSimulator.ActiveCfg = Release|Any CPU
		{7481FD65-DA94-40AC-9BD9-D6DD76D3265F}.AppStore|iPhoneSimulator.Build.0 = Release|Any CPU
		{7481FD65-DA94-40AC-9BD9-D6DD76D3265F}.AppStore|x64.ActiveCfg = Release|Any CPU
		{7481FD65-DA94-40AC-9BD9-D6DD76D3265F}.AppStore|x64.Build.0 = Release|Any CPU
		{7481FD65-DA94-40AC-9BD9-D6DD76D3265F}.AppStore|x86.ActiveCfg = Release|Any CPU
		{7481FD65-DA94-40AC-9BD9-D6DD76D3265F}.AppStore|x86.Build.0 = Release|Any CPU
		{7481FD65-DA94-40AC-9BD9-D6DD76D3265F}.Debug|Any CPU.ActiveCfg = Debug|Any CPU
		{7481FD65-DA94-40AC-9BD9-D6DD76D3265F}.Debug|Any CPU.Build.0 = Debug|Any CPU
		{7481FD65-DA94-40AC-9BD9-D6DD76D3265F}.Debug|ARM.ActiveCfg = Debug|Any CPU
		{7481FD65-DA94-40AC-9BD9-D6DD76D3265F}.Debug|ARM.Build.0 = Debug|Any CPU
		{7481FD65-DA94-40AC-9BD9-D6DD76D3265F}.Debug|iPhone.ActiveCfg = Debug|Any CPU
		{7481FD65-DA94-40AC-9BD9-D6DD76D3265F}.Debug|iPhone.Build.0 = Debug|Any CPU
		{7481FD65-DA94-40AC-9BD9-D6DD76D3265F}.Debug|iPhoneSimulator.ActiveCfg = Debug|Any CPU
		{7481FD65-DA94-40AC-9BD9-D6DD76D3265F}.Debug|iPhoneSimulator.Build.0 = Debug|Any CPU
		{7481FD65-DA94-40AC-9BD9-D6DD76D3265F}.Debug|x64.ActiveCfg = Debug|Any CPU
		{7481FD65-DA94-40AC-9BD9-D6DD76D3265F}.Debug|x64.Build.0 = Debug|Any CPU
		{7481FD65-DA94-40AC-9BD9-D6DD76D3265F}.Debug|x86.ActiveCfg = Debug|Any CPU
		{7481FD65-DA94-40AC-9BD9-D6DD76D3265F}.Debug|x86.Build.0 = Debug|Any CPU
		{7481FD65-DA94-40AC-9BD9-D6DD76D3265F}.Release|Any CPU.ActiveCfg = Release|Any CPU
		{7481FD65-DA94-40AC-9BD9-D6DD76D3265F}.Release|Any CPU.Build.0 = Release|Any CPU
		{7481FD65-DA94-40AC-9BD9-D6DD76D3265F}.Release|ARM.ActiveCfg = Release|Any CPU
		{7481FD65-DA94-40AC-9BD9-D6DD76D3265F}.Release|ARM.Build.0 = Release|Any CPU
		{7481FD65-DA94-40AC-9BD9-D6DD76D3265F}.Release|iPhone.ActiveCfg = Release|Any CPU
		{7481FD65-DA94-40AC-9BD9-D6DD76D3265F}.Release|iPhone.Build.0 = Release|Any CPU
		{7481FD65-DA94-40AC-9BD9-D6DD76D3265F}.Release|iPhoneSimulator.ActiveCfg = Release|Any CPU
		{7481FD65-DA94-40AC-9BD9-D6DD76D3265F}.Release|iPhoneSimulator.Build.0 = Release|Any CPU
		{7481FD65-DA94-40AC-9BD9-D6DD76D3265F}.Release|x64.ActiveCfg = Release|Any CPU
		{7481FD65-DA94-40AC-9BD9-D6DD76D3265F}.Release|x64.Build.0 = Release|Any CPU
		{7481FD65-DA94-40AC-9BD9-D6DD76D3265F}.Release|x86.ActiveCfg = Release|Any CPU
		{7481FD65-DA94-40AC-9BD9-D6DD76D3265F}.Release|x86.Build.0 = Release|Any CPU
		{A9EB53AF-D4ED-435F-AA7D-030362667EB0}.Ad-Hoc|Any CPU.ActiveCfg = Debug|Any CPU
		{A9EB53AF-D4ED-435F-AA7D-030362667EB0}.Ad-Hoc|Any CPU.Build.0 = Debug|Any CPU
		{A9EB53AF-D4ED-435F-AA7D-030362667EB0}.Ad-Hoc|ARM.ActiveCfg = Debug|Any CPU
		{A9EB53AF-D4ED-435F-AA7D-030362667EB0}.Ad-Hoc|ARM.Build.0 = Debug|Any CPU
		{A9EB53AF-D4ED-435F-AA7D-030362667EB0}.Ad-Hoc|iPhone.ActiveCfg = Debug|Any CPU
		{A9EB53AF-D4ED-435F-AA7D-030362667EB0}.Ad-Hoc|iPhone.Build.0 = Debug|Any CPU
		{A9EB53AF-D4ED-435F-AA7D-030362667EB0}.Ad-Hoc|iPhoneSimulator.ActiveCfg = Debug|Any CPU
		{A9EB53AF-D4ED-435F-AA7D-030362667EB0}.Ad-Hoc|iPhoneSimulator.Build.0 = Debug|Any CPU
		{A9EB53AF-D4ED-435F-AA7D-030362667EB0}.Ad-Hoc|x64.ActiveCfg = Debug|Any CPU
		{A9EB53AF-D4ED-435F-AA7D-030362667EB0}.Ad-Hoc|x64.Build.0 = Debug|Any CPU
		{A9EB53AF-D4ED-435F-AA7D-030362667EB0}.Ad-Hoc|x86.ActiveCfg = Debug|Any CPU
		{A9EB53AF-D4ED-435F-AA7D-030362667EB0}.Ad-Hoc|x86.Build.0 = Debug|Any CPU
		{A9EB53AF-D4ED-435F-AA7D-030362667EB0}.AppStore|Any CPU.ActiveCfg = Debug|Any CPU
		{A9EB53AF-D4ED-435F-AA7D-030362667EB0}.AppStore|Any CPU.Build.0 = Debug|Any CPU
		{A9EB53AF-D4ED-435F-AA7D-030362667EB0}.AppStore|ARM.ActiveCfg = Debug|Any CPU
		{A9EB53AF-D4ED-435F-AA7D-030362667EB0}.AppStore|ARM.Build.0 = Debug|Any CPU
		{A9EB53AF-D4ED-435F-AA7D-030362667EB0}.AppStore|iPhone.ActiveCfg = Debug|Any CPU
		{A9EB53AF-D4ED-435F-AA7D-030362667EB0}.AppStore|iPhone.Build.0 = Debug|Any CPU
		{A9EB53AF-D4ED-435F-AA7D-030362667EB0}.AppStore|iPhoneSimulator.ActiveCfg = Debug|Any CPU
		{A9EB53AF-D4ED-435F-AA7D-030362667EB0}.AppStore|iPhoneSimulator.Build.0 = Debug|Any CPU
		{A9EB53AF-D4ED-435F-AA7D-030362667EB0}.AppStore|x64.ActiveCfg = Debug|Any CPU
		{A9EB53AF-D4ED-435F-AA7D-030362667EB0}.AppStore|x64.Build.0 = Debug|Any CPU
		{A9EB53AF-D4ED-435F-AA7D-030362667EB0}.AppStore|x86.ActiveCfg = Debug|Any CPU
		{A9EB53AF-D4ED-435F-AA7D-030362667EB0}.AppStore|x86.Build.0 = Debug|Any CPU
		{A9EB53AF-D4ED-435F-AA7D-030362667EB0}.Debug|Any CPU.ActiveCfg = Debug|Any CPU
		{A9EB53AF-D4ED-435F-AA7D-030362667EB0}.Debug|Any CPU.Build.0 = Debug|Any CPU
		{A9EB53AF-D4ED-435F-AA7D-030362667EB0}.Debug|ARM.ActiveCfg = Debug|Any CPU
		{A9EB53AF-D4ED-435F-AA7D-030362667EB0}.Debug|ARM.Build.0 = Debug|Any CPU
		{A9EB53AF-D4ED-435F-AA7D-030362667EB0}.Debug|iPhone.ActiveCfg = Debug|Any CPU
		{A9EB53AF-D4ED-435F-AA7D-030362667EB0}.Debug|iPhone.Build.0 = Debug|Any CPU
		{A9EB53AF-D4ED-435F-AA7D-030362667EB0}.Debug|iPhoneSimulator.ActiveCfg = Debug|Any CPU
		{A9EB53AF-D4ED-435F-AA7D-030362667EB0}.Debug|iPhoneSimulator.Build.0 = Debug|Any CPU
		{A9EB53AF-D4ED-435F-AA7D-030362667EB0}.Debug|x64.ActiveCfg = Debug|Any CPU
		{A9EB53AF-D4ED-435F-AA7D-030362667EB0}.Debug|x64.Build.0 = Debug|Any CPU
		{A9EB53AF-D4ED-435F-AA7D-030362667EB0}.Debug|x86.ActiveCfg = Debug|Any CPU
		{A9EB53AF-D4ED-435F-AA7D-030362667EB0}.Debug|x86.Build.0 = Debug|Any CPU
		{A9EB53AF-D4ED-435F-AA7D-030362667EB0}.Release|Any CPU.ActiveCfg = Release|Any CPU
		{A9EB53AF-D4ED-435F-AA7D-030362667EB0}.Release|Any CPU.Build.0 = Release|Any CPU
		{A9EB53AF-D4ED-435F-AA7D-030362667EB0}.Release|ARM.ActiveCfg = Release|Any CPU
		{A9EB53AF-D4ED-435F-AA7D-030362667EB0}.Release|ARM.Build.0 = Release|Any CPU
		{A9EB53AF-D4ED-435F-AA7D-030362667EB0}.Release|iPhone.ActiveCfg = Release|Any CPU
		{A9EB53AF-D4ED-435F-AA7D-030362667EB0}.Release|iPhone.Build.0 = Release|Any CPU
		{A9EB53AF-D4ED-435F-AA7D-030362667EB0}.Release|iPhoneSimulator.ActiveCfg = Release|Any CPU
		{A9EB53AF-D4ED-435F-AA7D-030362667EB0}.Release|iPhoneSimulator.Build.0 = Release|Any CPU
		{A9EB53AF-D4ED-435F-AA7D-030362667EB0}.Release|x64.ActiveCfg = Release|Any CPU
		{A9EB53AF-D4ED-435F-AA7D-030362667EB0}.Release|x64.Build.0 = Release|Any CPU
		{A9EB53AF-D4ED-435F-AA7D-030362667EB0}.Release|x86.ActiveCfg = Release|Any CPU
		{A9EB53AF-D4ED-435F-AA7D-030362667EB0}.Release|x86.Build.0 = Release|Any CPU
		{DC596201-2A47-451A-9557-6507ADEC5467}.Ad-Hoc|Any CPU.ActiveCfg = Release|Any CPU
		{DC596201-2A47-451A-9557-6507ADEC5467}.Ad-Hoc|Any CPU.Build.0 = Release|Any CPU
		{DC596201-2A47-451A-9557-6507ADEC5467}.Ad-Hoc|Any CPU.Deploy.0 = Release|Any CPU
		{DC596201-2A47-451A-9557-6507ADEC5467}.Ad-Hoc|ARM.ActiveCfg = Release|Any CPU
		{DC596201-2A47-451A-9557-6507ADEC5467}.Ad-Hoc|ARM.Build.0 = Release|Any CPU
		{DC596201-2A47-451A-9557-6507ADEC5467}.Ad-Hoc|ARM.Deploy.0 = Release|Any CPU
		{DC596201-2A47-451A-9557-6507ADEC5467}.Ad-Hoc|iPhone.ActiveCfg = Release|Any CPU
		{DC596201-2A47-451A-9557-6507ADEC5467}.Ad-Hoc|iPhone.Build.0 = Release|Any CPU
		{DC596201-2A47-451A-9557-6507ADEC5467}.Ad-Hoc|iPhone.Deploy.0 = Release|Any CPU
		{DC596201-2A47-451A-9557-6507ADEC5467}.Ad-Hoc|iPhoneSimulator.ActiveCfg = Release|Any CPU
		{DC596201-2A47-451A-9557-6507ADEC5467}.Ad-Hoc|iPhoneSimulator.Build.0 = Release|Any CPU
		{DC596201-2A47-451A-9557-6507ADEC5467}.Ad-Hoc|iPhoneSimulator.Deploy.0 = Release|Any CPU
		{DC596201-2A47-451A-9557-6507ADEC5467}.Ad-Hoc|x64.ActiveCfg = Release|Any CPU
		{DC596201-2A47-451A-9557-6507ADEC5467}.Ad-Hoc|x64.Build.0 = Release|Any CPU
		{DC596201-2A47-451A-9557-6507ADEC5467}.Ad-Hoc|x64.Deploy.0 = Release|Any CPU
		{DC596201-2A47-451A-9557-6507ADEC5467}.Ad-Hoc|x86.ActiveCfg = Release|Any CPU
		{DC596201-2A47-451A-9557-6507ADEC5467}.Ad-Hoc|x86.Build.0 = Release|Any CPU
		{DC596201-2A47-451A-9557-6507ADEC5467}.Ad-Hoc|x86.Deploy.0 = Release|Any CPU
		{DC596201-2A47-451A-9557-6507ADEC5467}.AppStore|Any CPU.ActiveCfg = Release|Any CPU
		{DC596201-2A47-451A-9557-6507ADEC5467}.AppStore|Any CPU.Build.0 = Release|Any CPU
		{DC596201-2A47-451A-9557-6507ADEC5467}.AppStore|Any CPU.Deploy.0 = Release|Any CPU
		{DC596201-2A47-451A-9557-6507ADEC5467}.AppStore|ARM.ActiveCfg = Release|Any CPU
		{DC596201-2A47-451A-9557-6507ADEC5467}.AppStore|ARM.Build.0 = Release|Any CPU
		{DC596201-2A47-451A-9557-6507ADEC5467}.AppStore|ARM.Deploy.0 = Release|Any CPU
		{DC596201-2A47-451A-9557-6507ADEC5467}.AppStore|iPhone.ActiveCfg = Release|Any CPU
		{DC596201-2A47-451A-9557-6507ADEC5467}.AppStore|iPhone.Build.0 = Release|Any CPU
		{DC596201-2A47-451A-9557-6507ADEC5467}.AppStore|iPhone.Deploy.0 = Release|Any CPU
		{DC596201-2A47-451A-9557-6507ADEC5467}.AppStore|iPhoneSimulator.ActiveCfg = Release|Any CPU
		{DC596201-2A47-451A-9557-6507ADEC5467}.AppStore|iPhoneSimulator.Build.0 = Release|Any CPU
		{DC596201-2A47-451A-9557-6507ADEC5467}.AppStore|iPhoneSimulator.Deploy.0 = Release|Any CPU
		{DC596201-2A47-451A-9557-6507ADEC5467}.AppStore|x64.ActiveCfg = Release|Any CPU
		{DC596201-2A47-451A-9557-6507ADEC5467}.AppStore|x64.Build.0 = Release|Any CPU
		{DC596201-2A47-451A-9557-6507ADEC5467}.AppStore|x64.Deploy.0 = Release|Any CPU
		{DC596201-2A47-451A-9557-6507ADEC5467}.AppStore|x86.ActiveCfg = Release|Any CPU
		{DC596201-2A47-451A-9557-6507ADEC5467}.AppStore|x86.Build.0 = Release|Any CPU
		{DC596201-2A47-451A-9557-6507ADEC5467}.AppStore|x86.Deploy.0 = Release|Any CPU
		{DC596201-2A47-451A-9557-6507ADEC5467}.Debug|Any CPU.ActiveCfg = Debug|Any CPU
		{DC596201-2A47-451A-9557-6507ADEC5467}.Debug|Any CPU.Build.0 = Debug|Any CPU
		{DC596201-2A47-451A-9557-6507ADEC5467}.Debug|Any CPU.Deploy.0 = Debug|Any CPU
		{DC596201-2A47-451A-9557-6507ADEC5467}.Debug|ARM.ActiveCfg = Debug|Any CPU
		{DC596201-2A47-451A-9557-6507ADEC5467}.Debug|ARM.Build.0 = Debug|Any CPU
		{DC596201-2A47-451A-9557-6507ADEC5467}.Debug|ARM.Deploy.0 = Debug|Any CPU
		{DC596201-2A47-451A-9557-6507ADEC5467}.Debug|iPhone.ActiveCfg = Debug|Any CPU
		{DC596201-2A47-451A-9557-6507ADEC5467}.Debug|iPhone.Build.0 = Debug|Any CPU
		{DC596201-2A47-451A-9557-6507ADEC5467}.Debug|iPhone.Deploy.0 = Debug|Any CPU
		{DC596201-2A47-451A-9557-6507ADEC5467}.Debug|iPhoneSimulator.ActiveCfg = Debug|Any CPU
		{DC596201-2A47-451A-9557-6507ADEC5467}.Debug|iPhoneSimulator.Build.0 = Debug|Any CPU
		{DC596201-2A47-451A-9557-6507ADEC5467}.Debug|iPhoneSimulator.Deploy.0 = Debug|Any CPU
		{DC596201-2A47-451A-9557-6507ADEC5467}.Debug|x64.ActiveCfg = Debug|Any CPU
		{DC596201-2A47-451A-9557-6507ADEC5467}.Debug|x64.Build.0 = Debug|Any CPU
		{DC596201-2A47-451A-9557-6507ADEC5467}.Debug|x64.Deploy.0 = Debug|Any CPU
		{DC596201-2A47-451A-9557-6507ADEC5467}.Debug|x86.ActiveCfg = Debug|Any CPU
		{DC596201-2A47-451A-9557-6507ADEC5467}.Debug|x86.Build.0 = Debug|Any CPU
		{DC596201-2A47-451A-9557-6507ADEC5467}.Debug|x86.Deploy.0 = Debug|Any CPU
		{DC596201-2A47-451A-9557-6507ADEC5467}.Release|Any CPU.ActiveCfg = Release|Any CPU
		{DC596201-2A47-451A-9557-6507ADEC5467}.Release|Any CPU.Build.0 = Release|Any CPU
		{DC596201-2A47-451A-9557-6507ADEC5467}.Release|Any CPU.Deploy.0 = Release|Any CPU
		{DC596201-2A47-451A-9557-6507ADEC5467}.Release|ARM.ActiveCfg = Release|Any CPU
		{DC596201-2A47-451A-9557-6507ADEC5467}.Release|ARM.Build.0 = Release|Any CPU
		{DC596201-2A47-451A-9557-6507ADEC5467}.Release|ARM.Deploy.0 = Release|Any CPU
		{DC596201-2A47-451A-9557-6507ADEC5467}.Release|iPhone.ActiveCfg = Release|Any CPU
		{DC596201-2A47-451A-9557-6507ADEC5467}.Release|iPhone.Build.0 = Release|Any CPU
		{DC596201-2A47-451A-9557-6507ADEC5467}.Release|iPhone.Deploy.0 = Release|Any CPU
		{DC596201-2A47-451A-9557-6507ADEC5467}.Release|iPhoneSimulator.ActiveCfg = Release|Any CPU
		{DC596201-2A47-451A-9557-6507ADEC5467}.Release|iPhoneSimulator.Build.0 = Release|Any CPU
		{DC596201-2A47-451A-9557-6507ADEC5467}.Release|iPhoneSimulator.Deploy.0 = Release|Any CPU
		{DC596201-2A47-451A-9557-6507ADEC5467}.Release|x64.ActiveCfg = Release|Any CPU
		{DC596201-2A47-451A-9557-6507ADEC5467}.Release|x64.Build.0 = Release|Any CPU
		{DC596201-2A47-451A-9557-6507ADEC5467}.Release|x64.Deploy.0 = Release|Any CPU
		{DC596201-2A47-451A-9557-6507ADEC5467}.Release|x86.ActiveCfg = Release|Any CPU
		{DC596201-2A47-451A-9557-6507ADEC5467}.Release|x86.Build.0 = Release|Any CPU
		{DC596201-2A47-451A-9557-6507ADEC5467}.Release|x86.Deploy.0 = Release|Any CPU
		{54E30584-2E67-41F1-9DBA-625403FEFC0B}.Ad-Hoc|Any CPU.ActiveCfg = Ad-Hoc|iPhone
		{54E30584-2E67-41F1-9DBA-625403FEFC0B}.Ad-Hoc|ARM.ActiveCfg = Ad-Hoc|iPhone
		{54E30584-2E67-41F1-9DBA-625403FEFC0B}.Ad-Hoc|iPhone.ActiveCfg = Ad-Hoc|iPhone
		{54E30584-2E67-41F1-9DBA-625403FEFC0B}.Ad-Hoc|iPhone.Build.0 = Ad-Hoc|iPhone
		{54E30584-2E67-41F1-9DBA-625403FEFC0B}.Ad-Hoc|iPhoneSimulator.ActiveCfg = Ad-Hoc|iPhoneSimulator
		{54E30584-2E67-41F1-9DBA-625403FEFC0B}.Ad-Hoc|iPhoneSimulator.Build.0 = Ad-Hoc|iPhoneSimulator
		{54E30584-2E67-41F1-9DBA-625403FEFC0B}.Ad-Hoc|x64.ActiveCfg = Ad-Hoc|iPhone
		{54E30584-2E67-41F1-9DBA-625403FEFC0B}.Ad-Hoc|x86.ActiveCfg = Ad-Hoc|iPhone
		{54E30584-2E67-41F1-9DBA-625403FEFC0B}.AppStore|Any CPU.ActiveCfg = AppStore|iPhone
		{54E30584-2E67-41F1-9DBA-625403FEFC0B}.AppStore|ARM.ActiveCfg = AppStore|iPhone
		{54E30584-2E67-41F1-9DBA-625403FEFC0B}.AppStore|iPhone.ActiveCfg = AppStore|iPhone
		{54E30584-2E67-41F1-9DBA-625403FEFC0B}.AppStore|iPhone.Build.0 = AppStore|iPhone
		{54E30584-2E67-41F1-9DBA-625403FEFC0B}.AppStore|iPhoneSimulator.ActiveCfg = AppStore|iPhoneSimulator
		{54E30584-2E67-41F1-9DBA-625403FEFC0B}.AppStore|iPhoneSimulator.Build.0 = AppStore|iPhoneSimulator
		{54E30584-2E67-41F1-9DBA-625403FEFC0B}.AppStore|x64.ActiveCfg = AppStore|iPhone
		{54E30584-2E67-41F1-9DBA-625403FEFC0B}.AppStore|x86.ActiveCfg = AppStore|iPhone
		{54E30584-2E67-41F1-9DBA-625403FEFC0B}.Debug|Any CPU.ActiveCfg = Debug|iPhone
		{54E30584-2E67-41F1-9DBA-625403FEFC0B}.Debug|ARM.ActiveCfg = Debug|iPhone
		{54E30584-2E67-41F1-9DBA-625403FEFC0B}.Debug|iPhone.ActiveCfg = Debug|iPhone
		{54E30584-2E67-41F1-9DBA-625403FEFC0B}.Debug|iPhone.Build.0 = Debug|iPhone
		{54E30584-2E67-41F1-9DBA-625403FEFC0B}.Debug|iPhoneSimulator.ActiveCfg = Debug|iPhoneSimulator
		{54E30584-2E67-41F1-9DBA-625403FEFC0B}.Debug|iPhoneSimulator.Build.0 = Debug|iPhoneSimulator
		{54E30584-2E67-41F1-9DBA-625403FEFC0B}.Debug|x64.ActiveCfg = Debug|iPhone
		{54E30584-2E67-41F1-9DBA-625403FEFC0B}.Debug|x86.ActiveCfg = Debug|iPhone
		{54E30584-2E67-41F1-9DBA-625403FEFC0B}.Release|Any CPU.ActiveCfg = Release|iPhone
		{54E30584-2E67-41F1-9DBA-625403FEFC0B}.Release|ARM.ActiveCfg = Release|iPhone
		{54E30584-2E67-41F1-9DBA-625403FEFC0B}.Release|iPhone.ActiveCfg = Release|iPhone
		{54E30584-2E67-41F1-9DBA-625403FEFC0B}.Release|iPhone.Build.0 = Release|iPhone
		{54E30584-2E67-41F1-9DBA-625403FEFC0B}.Release|iPhoneSimulator.ActiveCfg = Release|iPhoneSimulator
		{54E30584-2E67-41F1-9DBA-625403FEFC0B}.Release|iPhoneSimulator.Build.0 = Release|iPhoneSimulator
		{54E30584-2E67-41F1-9DBA-625403FEFC0B}.Release|x64.ActiveCfg = Release|iPhone
		{54E30584-2E67-41F1-9DBA-625403FEFC0B}.Release|x86.ActiveCfg = Release|iPhone
		{05C6EEF5-A776-4BCA-9EA8-06B183E93C8F}.Ad-Hoc|Any CPU.ActiveCfg = Release|x86
		{05C6EEF5-A776-4BCA-9EA8-06B183E93C8F}.Ad-Hoc|Any CPU.Build.0 = Release|x86
		{05C6EEF5-A776-4BCA-9EA8-06B183E93C8F}.Ad-Hoc|Any CPU.Deploy.0 = Release|x86
		{05C6EEF5-A776-4BCA-9EA8-06B183E93C8F}.Ad-Hoc|ARM.ActiveCfg = Release|ARM
		{05C6EEF5-A776-4BCA-9EA8-06B183E93C8F}.Ad-Hoc|ARM.Build.0 = Release|ARM
		{05C6EEF5-A776-4BCA-9EA8-06B183E93C8F}.Ad-Hoc|ARM.Deploy.0 = Release|ARM
		{05C6EEF5-A776-4BCA-9EA8-06B183E93C8F}.Ad-Hoc|iPhone.ActiveCfg = Release|x86
		{05C6EEF5-A776-4BCA-9EA8-06B183E93C8F}.Ad-Hoc|iPhone.Build.0 = Release|x86
		{05C6EEF5-A776-4BCA-9EA8-06B183E93C8F}.Ad-Hoc|iPhone.Deploy.0 = Release|x86
		{05C6EEF5-A776-4BCA-9EA8-06B183E93C8F}.Ad-Hoc|iPhoneSimulator.ActiveCfg = Release|x86
		{05C6EEF5-A776-4BCA-9EA8-06B183E93C8F}.Ad-Hoc|iPhoneSimulator.Build.0 = Release|x86
		{05C6EEF5-A776-4BCA-9EA8-06B183E93C8F}.Ad-Hoc|iPhoneSimulator.Deploy.0 = Release|x86
		{05C6EEF5-A776-4BCA-9EA8-06B183E93C8F}.Ad-Hoc|x64.ActiveCfg = Release|x64
		{05C6EEF5-A776-4BCA-9EA8-06B183E93C8F}.Ad-Hoc|x64.Build.0 = Release|x64
		{05C6EEF5-A776-4BCA-9EA8-06B183E93C8F}.Ad-Hoc|x64.Deploy.0 = Release|x64
		{05C6EEF5-A776-4BCA-9EA8-06B183E93C8F}.Ad-Hoc|x86.ActiveCfg = Release|x86
		{05C6EEF5-A776-4BCA-9EA8-06B183E93C8F}.Ad-Hoc|x86.Build.0 = Release|x86
		{05C6EEF5-A776-4BCA-9EA8-06B183E93C8F}.Ad-Hoc|x86.Deploy.0 = Release|x86
		{05C6EEF5-A776-4BCA-9EA8-06B183E93C8F}.AppStore|Any CPU.ActiveCfg = Release|x86
		{05C6EEF5-A776-4BCA-9EA8-06B183E93C8F}.AppStore|Any CPU.Build.0 = Release|x86
		{05C6EEF5-A776-4BCA-9EA8-06B183E93C8F}.AppStore|Any CPU.Deploy.0 = Release|x86
		{05C6EEF5-A776-4BCA-9EA8-06B183E93C8F}.AppStore|ARM.ActiveCfg = Release|ARM
		{05C6EEF5-A776-4BCA-9EA8-06B183E93C8F}.AppStore|ARM.Build.0 = Release|ARM
		{05C6EEF5-A776-4BCA-9EA8-06B183E93C8F}.AppStore|ARM.Deploy.0 = Release|ARM
		{05C6EEF5-A776-4BCA-9EA8-06B183E93C8F}.AppStore|iPhone.ActiveCfg = Release|x86
		{05C6EEF5-A776-4BCA-9EA8-06B183E93C8F}.AppStore|iPhone.Build.0 = Release|x86
		{05C6EEF5-A776-4BCA-9EA8-06B183E93C8F}.AppStore|iPhone.Deploy.0 = Release|x86
		{05C6EEF5-A776-4BCA-9EA8-06B183E93C8F}.AppStore|iPhoneSimulator.ActiveCfg = Release|x86
		{05C6EEF5-A776-4BCA-9EA8-06B183E93C8F}.AppStore|iPhoneSimulator.Build.0 = Release|x86
		{05C6EEF5-A776-4BCA-9EA8-06B183E93C8F}.AppStore|iPhoneSimulator.Deploy.0 = Release|x86
		{05C6EEF5-A776-4BCA-9EA8-06B183E93C8F}.AppStore|x64.ActiveCfg = Release|x64
		{05C6EEF5-A776-4BCA-9EA8-06B183E93C8F}.AppStore|x64.Build.0 = Release|x64
		{05C6EEF5-A776-4BCA-9EA8-06B183E93C8F}.AppStore|x64.Deploy.0 = Release|x64
		{05C6EEF5-A776-4BCA-9EA8-06B183E93C8F}.AppStore|x86.ActiveCfg = Release|x86
		{05C6EEF5-A776-4BCA-9EA8-06B183E93C8F}.AppStore|x86.Build.0 = Release|x86
		{05C6EEF5-A776-4BCA-9EA8-06B183E93C8F}.AppStore|x86.Deploy.0 = Release|x86
		{05C6EEF5-A776-4BCA-9EA8-06B183E93C8F}.Debug|Any CPU.ActiveCfg = Debug|x86
		{05C6EEF5-A776-4BCA-9EA8-06B183E93C8F}.Debug|ARM.ActiveCfg = Debug|ARM
		{05C6EEF5-A776-4BCA-9EA8-06B183E93C8F}.Debug|ARM.Build.0 = Debug|ARM
		{05C6EEF5-A776-4BCA-9EA8-06B183E93C8F}.Debug|ARM.Deploy.0 = Debug|ARM
		{05C6EEF5-A776-4BCA-9EA8-06B183E93C8F}.Debug|iPhone.ActiveCfg = Debug|x86
		{05C6EEF5-A776-4BCA-9EA8-06B183E93C8F}.Debug|iPhoneSimulator.ActiveCfg = Debug|x86
		{05C6EEF5-A776-4BCA-9EA8-06B183E93C8F}.Debug|x64.ActiveCfg = Debug|x64
		{05C6EEF5-A776-4BCA-9EA8-06B183E93C8F}.Debug|x64.Build.0 = Debug|x64
		{05C6EEF5-A776-4BCA-9EA8-06B183E93C8F}.Debug|x64.Deploy.0 = Debug|x64
		{05C6EEF5-A776-4BCA-9EA8-06B183E93C8F}.Debug|x86.ActiveCfg = Debug|x86
		{05C6EEF5-A776-4BCA-9EA8-06B183E93C8F}.Debug|x86.Build.0 = Debug|x86
		{05C6EEF5-A776-4BCA-9EA8-06B183E93C8F}.Debug|x86.Deploy.0 = Debug|x86
		{05C6EEF5-A776-4BCA-9EA8-06B183E93C8F}.Release|Any CPU.ActiveCfg = Release|x86
		{05C6EEF5-A776-4BCA-9EA8-06B183E93C8F}.Release|ARM.ActiveCfg = Release|ARM
		{05C6EEF5-A776-4BCA-9EA8-06B183E93C8F}.Release|ARM.Build.0 = Release|ARM
		{05C6EEF5-A776-4BCA-9EA8-06B183E93C8F}.Release|ARM.Deploy.0 = Release|ARM
		{05C6EEF5-A776-4BCA-9EA8-06B183E93C8F}.Release|iPhone.ActiveCfg = Release|x86
		{05C6EEF5-A776-4BCA-9EA8-06B183E93C8F}.Release|iPhoneSimulator.ActiveCfg = Release|x86
		{05C6EEF5-A776-4BCA-9EA8-06B183E93C8F}.Release|x64.ActiveCfg = Release|x64
		{05C6EEF5-A776-4BCA-9EA8-06B183E93C8F}.Release|x64.Build.0 = Release|x64
		{05C6EEF5-A776-4BCA-9EA8-06B183E93C8F}.Release|x64.Deploy.0 = Release|x64
		{05C6EEF5-A776-4BCA-9EA8-06B183E93C8F}.Release|x86.ActiveCfg = Release|x86
		{05C6EEF5-A776-4BCA-9EA8-06B183E93C8F}.Release|x86.Build.0 = Release|x86
		{05C6EEF5-A776-4BCA-9EA8-06B183E93C8F}.Release|x86.Deploy.0 = Release|x86
	EndGlobalSection
	GlobalSection(SolutionProperties) = preSolution
		HideSolutionNode = FALSE
	EndGlobalSection
	GlobalSection(ExtensibilityGlobals) = postSolution
		SolutionGuid = {15556F5C-2978-423C-ACE9-5B9A0A793BA9}
	EndGlobalSection
EndGlobal
